{
  "name": "silly-animals",
  "version": "1.0.0",
  "lockfileVersion": 1,
  "requires": true,
  "dependencies": {
    "sanitize-words": {
      "version": "1.0.1",
      "resolved": "https://registry.npmjs.org/sanitize-words/-/sanitize-words-1.0.1.tgz",
      "integrity": "sha512-NOxo10LPjQswGP1XShBkeiPllWQwyeP2i9M33s0Q6xh03GNTuJO9xNWHmdeMC68k2T85nHqv6Rf4FHMw6mmBrQ=="
    }
  }
}
